// !$*UTF8*$!
{
	archiveVersion = 1;
	classes = {
	};
	objectVersion = 56;
	objects = {

/* Begin PBXBuildFile section */
		69F1F4AA293C4A3800E5A1CD /* sako0602_kadai6App.swift in Sources */ = {isa = PBXBuildFile; fileRef = 69F1F4A9293C4A3700E5A1CD /* sako0602_kadai6App.swift */; };
		69F1F4AC293C4A3800E5A1CD /* ContentView.swift in Sources */ = {isa = PBXBuildFile; fileRef = 69F1F4AB293C4A3800E5A1CD /* ContentView.swift */; };
		69F1F4AE293C4A3B00E5A1CD /* Assets.xcassets in Resources */ = {isa = PBXBuildFile; fileRef = 69F1F4AD293C4A3B00E5A1CD /* Assets.xcassets */; };
		69F1F4B1293C4A3B00E5A1CD /* Preview Assets.xcassets in Resources */ = {isa = PBXBuildFile; fileRef = 69F1F4B0293C4A3B00E5A1CD /* Preview Assets.xcassets */; };
		69F1F4BB293C4A3C00E5A1CD /* sako0602_kadai6Tests.swift in Sources */ = {isa = PBXBuildFile; fileRef = 69F1F4BA293C4A3C00E5A1CD /* sako0602_kadai6Tests.swift */; };
		69F1F4C5293C4A3C00E5A1CD /* sako0602_kadai6UITests.swift in Sources */ = {isa = PBXBuildFile; fileRef = 69F1F4C4293C4A3C00E5A1CD /* sako0602_kadai6UITests.swift */; };
		69F1F4C7293C4A3C00E5A1CD /* sako0602_kadai6UITestsLaunchTests.swift in Sources */ = {isa = PBXBuildFile; fileRef = 69F1F4C6293C4A3C00E5A1CD /* sako0602_kadai6UITestsLaunchTests.swift */; };
/* End PBXBuildFile section */

/* Begin PBXContainerItemProxy section */
		69F1F4B7293C4A3C00E5A1CD /* PBXContainerItemProxy */ = {
			isa = PBXContainerItemProxy;
			containerPortal = 69F1F49E293C4A3700E5A1CD /* Project object */;
			proxyType = 1;
			remoteGlobalIDString = 69F1F4A5293C4A3700E5A1CD;
			remoteInfo = "sako0602-kadai6";
		};
		69F1F4C1293C4A3C00E5A1CD /* PBXContainerItemProxy */ = {
			isa = PBXContainerItemProxy;
			containerPortal = 69F1F49E293C4A3700E5A1CD /* Project object */;
			proxyType = 1;
			remoteGlobalIDString = 69F1F4A5293C4A3700E5A1CD;
			remoteInfo = "sako0602-kadai6";
		};
/* End PBXContainerItemProxy section */

/* Begin PBXFileReference section */
		69F1F4A6293C4A3700E5A1CD /* sako0602-kadai6.app */ = {isa = PBXFileReference; explicitFileType = wrapper.application; includeInIndex = 0; path = "sako0602-kadai6.app"; sourceTree = BUILT_PRODUCTS_DIR; };
		69F1F4A9293C4A3700E5A1CD /* sako0602_kadai6App.swift */ = {isa = PBXFileReference; lastKnownFileType = sourcecode.swift; path = sako0602_kadai6App.swift; sourceTree = "<group>"; };
		69F1F4AB293C4A3800E5A1CD /* ContentView.swift */ = {isa = PBXFileReference; lastKnownFileType = sourcecode.swift; path = ContentView.swift; sourceTree = "<group>"; };
		69F1F4AD293C4A3B00E5A1CD /* Assets.xcassets */ = {isa = PBXFileReference; lastKnownFileType = folder.assetcatalog; path = Assets.xcassets; sourceTree = "<group>"; };
		69F1F4B0293C4A3B00E5A1CD /* Preview Assets.xcassets */ = {isa = PBXFileReference; lastKnownFileType = folder.assetcatalog; path = "Preview Assets.xcassets"; sourceTree = "<group>"; };
		69F1F4B6293C4A3C00E5A1CD /* sako0602-kadai6Tests.xctest */ = {isa = PBXFileReference; explicitFileType = wrapper.cfbundle; includeInIndex = 0; path = "sako0602-kadai6Tests.xctest"; sourceTree = BUILT_PRODUCTS_DIR; };
		69F1F4BA293C4A3C00E5A1CD /* sako0602_kadai6Tests.swift */ = {isa = PBXFileReference; lastKnownFileType = sourcecode.swift; path = sako0602_kadai6Tests.swift; sourceTree = "<group>"; };
		69F1F4C0293C4A3C00E5A1CD /* sako0602-kadai6UITests.xctest */ = {isa = PBXFileReference; explicitFileType = wrapper.cfbundle; includeInIndex = 0; path = "sako0602-kadai6UITests.xctest"; sourceTree = BUILT_PRODUCTS_DIR; };
		69F1F4C4293C4A3C00E5A1CD /* sako0602_kadai6UITests.swift */ = {isa = PBXFileReference; lastKnownFileType = sourcecode.swift; path = sako0602_kadai6UITests.swift; sourceTree = "<group>"; };
		69F1F4C6293C4A3C00E5A1CD /* sako0602_kadai6UITestsLaunchTests.swift */ = {isa = PBXFileReference; lastKnownFileType = sourcecode.swift; path = sako0602_kadai6UITestsLaunchTests.swift; sourceTree = "<group>"; };
/* End PBXFileReference section */

/* Begin PBXFrameworksBuildPhase section */
		69F1F4A3293C4A3700E5A1CD /* Frameworks */ = {
			isa = PBXFrameworksBuildPhase;
			buildActionMask = 2147483647;
			files = (
			);
			runOnlyForDeploymentPostprocessing = 0;
		};
		69F1F4B3293C4A3C00E5A1CD /* Frameworks */ = {
			isa = PBXFrameworksBuildPhase;
			buildActionMask = 2147483647;
			files = (
			);
			runOnlyForDeploymentPostprocessing = 0;
		};
		69F1F4BD293C4A3C00E5A1CD /* Frameworks */ = {
			isa = PBXFrameworksBuildPhase;
			buildActionMask = 2147483647;
			files = (
			);
			runOnlyForDeploymentPostprocessing = 0;
		};
/* End PBXFrameworksBuildPhase section */

/* Begin PBXGroup section */
		69F1F49D293C4A3700E5A1CD = {
			isa = PBXGroup;
			children = (
				69F1F4A8293C4A3700E5A1CD /* sako0602-kadai6 */,
				69F1F4B9293C4A3C00E5A1CD /* sako0602-kadai6Tests */,
				69F1F4C3293C4A3C00E5A1CD /* sako0602-kadai6UITests */,
				69F1F4A7293C4A3700E5A1CD /* Products */,
			);
			sourceTree = "<group>";
		};
		69F1F4A7293C4A3700E5A1CD /* Products */ = {
			isa = PBXGroup;
			children = (
				69F1F4A6293C4A3700E5A1CD /* sako0602-kadai6.app */,
				69F1F4B6293C4A3C00E5A1CD /* sako0602-kadai6Tests.xctest */,
				69F1F4C0293C4A3C00E5A1CD /* sako0602-kadai6UITests.xctest */,
			);
			name = Products;
			sourceTree = "<group>";
		};
		69F1F4A8293C4A3700E5A1CD /* sako0602-kadai6 */ = {
			isa = PBXGroup;
			children = (
				69F1F4A9293C4A3700E5A1CD /* sako0602_kadai6App.swift */,
				69F1F4AB293C4A3800E5A1CD /* ContentView.swift */,
				69F1F4AD293C4A3B00E5A1CD /* Assets.xcassets */,
				69F1F4AF293C4A3B00E5A1CD /* Preview Content */,
			);
			path = "sako0602-kadai6";
			sourceTree = "<group>";
		};
		69F1F4AF293C4A3B00E5A1CD /* Preview Content */ = {
			isa = PBXGroup;
			children = (
				69F1F4B0293C4A3B00E5A1CD /* Preview Assets.xcassets */,
			);
			path = "Preview Content";
			sourceTree = "<group>";
		};
		69F1F4B9293C4A3C00E5A1CD /* sako0602-kadai6Tests */ = {
			isa = PBXGroup;
			children = (
				69F1F4BA293C4A3C00E5A1CD /* sako0602_kadai6Tests.swift */,
			);
			path = "sako0602-kadai6Tests";
			sourceTree = "<group>";
		};
		69F1F4C3293C4A3C00E5A1CD /* sako0602-kadai6UITests */ = {
			isa = PBXGroup;
			children = (
				69F1F4C4293C4A3C00E5A1CD /* sako0602_kadai6UITests.swift */,
				69F1F4C6293C4A3C00E5A1CD /* sako0602_kadai6UITestsLaunchTests.swift */,
			);
			path = "sako0602-kadai6UITests";
			sourceTree = "<group>";
		};
/* End PBXGroup section */

/* Begin PBXNativeTarget section */
		69F1F4A5293C4A3700E5A1CD /* sako0602-kadai6 */ = {
			isa = PBXNativeTarget;
			buildConfigurationList = 69F1F4CA293C4A3C00E5A1CD /* Build configuration list for PBXNativeTarget "sako0602-kadai6" */;
			buildPhases = (
				69F1F4A2293C4A3700E5A1CD /* Sources */,
				69F1F4A3293C4A3700E5A1CD /* Frameworks */,
				69F1F4A4293C4A3700E5A1CD /* Resources */,
			);
			buildRules = (
			);
			dependencies = (
			);
			name = "sako0602-kadai6";
			productName = "sako0602-kadai6";
			productReference = 69F1F4A6293C4A3700E5A1CD /* sako0602-kadai6.app */;
			productType = "com.apple.product-type.application";
		};
		69F1F4B5293C4A3C00E5A1CD /* sako0602-kadai6Tests */ = {
			isa = PBXNativeTarget;
			buildConfigurationList = 69F1F4CD293C4A3C00E5A1CD /* Build configuration list for PBXNativeTarget "sako0602-kadai6Tests" */;
			buildPhases = (
				69F1F4B2293C4A3C00E5A1CD /* Sources */,
				69F1F4B3293C4A3C00E5A1CD /* Frameworks */,
				69F1F4B4293C4A3C00E5A1CD /* Resources */,
			);
			buildRules = (
			);
			dependencies = (
				69F1F4B8293C4A3C00E5A1CD /* PBXTargetDependency */,
			);
			name = "sako0602-kadai6Tests";
			productName = "sako0602-kadai6Tests";
			productReference = 69F1F4B6293C4A3C00E5A1CD /* sako0602-kadai6Tests.xctest */;
			productType = "com.apple.product-type.bundle.unit-test";
		};
		69F1F4BF293C4A3C00E5A1CD /* sako0602-kadai6UITests */ = {
			isa = PBXNativeTarget;
			buildConfigurationList = 69F1F4D0293C4A3C00E5A1CD /* Build configuration list for PBXNativeTarget "sako0602-kadai6UITests" */;
			buildPhases = (
				69F1F4BC293C4A3C00E5A1CD /* Sources */,
				69F1F4BD293C4A3C00E5A1CD /* Frameworks */,
				69F1F4BE293C4A3C00E5A1CD /* Resources */,
			);
			buildRules = (
			);
			dependencies = (
				69F1F4C2293C4A3C00E5A1CD /* PBXTargetDependency */,
			);
			name = "sako0602-kadai6UITests";
			productName = "sako0602-kadai6UITests";
			productReference = 69F1F4C0293C4A3C00E5A1CD /* sako0602-kadai6UITests.xctest */;
			productType = "com.apple.product-type.bundle.ui-testing";
		};
/* End PBXNativeTarget section */

/* Begin PBXProject section */
		69F1F49E293C4A3700E5A1CD /* Project object */ = {
			isa = PBXProject;
			attributes = {
				BuildIndependentTargetsInParallel = 1;
				LastSwiftUpdateCheck = 1410;
				LastUpgradeCheck = 1410;
				TargetAttributes = {
					69F1F4A5293C4A3700E5A1CD = {
						CreatedOnToolsVersion = 14.1;
					};
					69F1F4B5293C4A3C00E5A1CD = {
						CreatedOnToolsVersion = 14.1;
						TestTargetID = 69F1F4A5293C4A3700E5A1CD;
					};
					69F1F4BF293C4A3C00E5A1CD = {
						CreatedOnToolsVersion = 14.1;
						TestTargetID = 69F1F4A5293C4A3700E5A1CD;
					};
				};
			};
			buildConfigurationList = 69F1F4A1293C4A3700E5A1CD /* Build configuration list for PBXProject "sako0602-kadai6" */;
			compatibilityVersion = "Xcode 14.0";
			developmentRegion = en;
			hasScannedForEncodings = 0;
			knownRegions = (
				en,
				Base,
			);
			mainGroup = 69F1F49D293C4A3700E5A1CD;
			productRefGroup = 69F1F4A7293C4A3700E5A1CD /* Products */;
			projectDirPath = "";
			projectRoot = "";
			targets = (
				69F1F4A5293C4A3700E5A1CD /* sako0602-kadai6 */,
				69F1F4B5293C4A3C00E5A1CD /* sako0602-kadai6Tests */,
				69F1F4BF293C4A3C00E5A1CD /* sako0602-kadai6UITests */,
			);
		};
/* End PBXProject section */

/* Begin PBXResourcesBuildPhase section */
		69F1F4A4293C4A3700E5A1CD /* Resources */ = {
			isa = PBXResourcesBuildPhase;
			buildActionMask = 2147483647;
			files = (
				69F1F4B1293C4A3B00E5A1CD /* Preview Assets.xcassets in Resources */,
				69F1F4AE293C4A3B00E5A1CD /* Assets.xcassets in Resources */,
			);
			runOnlyForDeploymentPostprocessing = 0;
		};
		69F1F4B4293C4A3C00E5A1CD /* Resources */ = {
			isa = PBXResourcesBuildPhase;
			buildActionMask = 2147483647;
			files = (
			);
			runOnlyForDeploymentPostprocessing = 0;
		};
		69F1F4BE293C4A3C00E5A1CD /* Resources */ = {
			isa = PBXResourcesBuildPhase;
			buildActionMask = 2147483647;
			files = (
			);
			runOnlyForDeploymentPostprocessing = 0;
		};
/* End PBXResourcesBuildPhase section */

/* Begin PBXSourcesBuildPhase section */
		69F1F4A2293C4A3700E5A1CD /* Sources */ = {
			isa = PBXSourcesBuildPhase;
			buildActionMask = 2147483647;
			files = (
				69F1F4AC293C4A3800E5A1CD /* ContentView.swift in Sources */,
				69F1F4AA293C4A3800E5A1CD /* sako0602_kadai6App.swift in Sources */,
			);
			runOnlyForDeploymentPostprocessing = 0;
		};
		69F1F4B2293C4A3C00E5A1CD /* Sources */ = {
			isa = PBXSourcesBuildPhase;
			buildActionMask = 2147483647;
			files = (
				69F1F4BB293C4A3C00E5A1CD /* sako0602_kadai6Tests.swift in Sources */,
			);
			runOnlyForDeploymentPostprocessing = 0;
		};
		69F1F4BC293C4A3C00E5A1CD /* Sources */ = {
			isa = PBXSourcesBuildPhase;
			buildActionMask = 2147483647;
			files = (
				69F1F4C7293C4A3C00E5A1CD /* sako0602_kadai6UITestsLaunchTests.swift in Sources */,
				69F1F4C5293C4A3C00E5A1CD /* sako0602_kadai6UITests.swift in Sources */,
			);
			runOnlyForDeploymentPostprocessing = 0;
		};
/* End PBXSourcesBuildPhase section */

/* Begin PBXTargetDependency section */
		69F1F4B8293C4A3C00E5A1CD /* PBXTargetDependency */ = {
			isa = PBXTargetDependency;
			target = 69F1F4A5293C4A3700E5A1CD /* sako0602-kadai6 */;
			targetProxy = 69F1F4B7293C4A3C00E5A1CD /* PBXContainerItemProxy */;
		};
		69F1F4C2293C4A3C00E5A1CD /* PBXTargetDependency */ = {
			isa = PBXTargetDependency;
			target = 69F1F4A5293C4A3700E5A1CD /* sako0602-kadai6 */;
			targetProxy = 69F1F4C1293C4A3C00E5A1CD /* PBXContainerItemProxy */;
		};
/* End PBXTargetDependency section */

/* Begin XCBuildConfiguration section */
		69F1F4C8293C4A3C00E5A1CD /* Debug */ = {
			isa = XCBuildConfiguration;
			buildSettings = {
				ALWAYS_SEARCH_USER_PATHS = NO;
				CLANG_ANALYZER_NONNULL = YES;
				CLANG_ANALYZER_NUMBER_OBJECT_CONVERSION = YES_AGGRESSIVE;
				CLANG_CXX_LANGUAGE_STANDARD = "gnu++20";
				CLANG_ENABLE_MODULES = YES;
				CLANG_ENABLE_OBJC_ARC = YES;
				CLANG_ENABLE_OBJC_WEAK = YES;
				CLANG_WARN_BLOCK_CAPTURE_AUTORELEASING = YES;
				CLANG_WARN_BOOL_CONVERSION = YES;
				CLANG_WARN_COMMA = YES;
				CLANG_WARN_CONSTANT_CONVERSION = YES;
				CLANG_WARN_DEPRECATED_OBJC_IMPLEMENTATIONS = YES;
				CLANG_WARN_DIRECT_OBJC_ISA_USAGE = YES_ERROR;
				CLANG_WARN_DOCUMENTATION_COMMENTS = YES;
				CLANG_WARN_EMPTY_BODY = YES;
				CLANG_WARN_ENUM_CONVERSION = YES;
				CLANG_WARN_INFINITE_RECURSION = YES;
				CLANG_WARN_INT_CONVERSION = YES;
				CLANG_WARN_NON_LITERAL_NULL_CONVERSION = YES;
				CLANG_WARN_OBJC_IMPLICIT_RETAIN_SELF = YES;
				CLANG_WARN_OBJC_LITERAL_CONVERSION = YES;
				CLANG_WARN_OBJC_ROOT_CLASS = YES_ERROR;
				CLANG_WARN_QUOTED_INCLUDE_IN_FRAMEWORK_HEADER = YES;
				CLANG_WARN_RANGE_LOOP_ANALYSIS = YES;
				CLANG_WARN_STRICT_PROTOTYPES = YES;
				CLANG_WARN_SUSPICIOUS_MOVE = YES;
				CLANG_WARN_UNGUARDED_AVAILABILITY = YES_AGGRESSIVE;
				CLANG_WARN_UNREACHABLE_CODE = YES;
				CLANG_WARN__DUPLICATE_METHOD_MATCH = YES;
				COPY_PHASE_STRIP = NO;
				DEBUG_INFORMATION_FORMAT = dwarf;
				ENABLE_STRICT_OBJC_MSGSEND = YES;
				ENABLE_TESTABILITY = YES;
				GCC_C_LANGUAGE_STANDARD = gnu11;
				GCC_DYNAMIC_NO_PIC = NO;
				GCC_NO_COMMON_BLOCKS = YES;
				GCC_OPTIMIZATION_LEVEL = 0;
				GCC_PREPROCESSOR_DEFINITIONS = (
					"DEBUG=1",
					"$(inherited)",
				);
				GCC_WARN_64_TO_32_BIT_CONVERSION = YES;
				GCC_WARN_ABOUT_RETURN_TYPE = YES_ERROR;
				GCC_WARN_UNDECLARED_SELECTOR = YES;
				GCC_WARN_UNINITIALIZED_AUTOS = YES_AGGRESSIVE;
				GCC_WARN_UNUSED_FUNCTION = YES;
				GCC_WARN_UNUSED_VARIABLE = YES;
				IPHONEOS_DEPLOYMENT_TARGET = 16.1;
				MTL_ENABLE_DEBUG_INFO = INCLUDE_SOURCE;
				MTL_FAST_MATH = YES;
				ONLY_ACTIVE_ARCH = YES;
				SDKROOT = iphoneos;
				SWIFT_ACTIVE_COMPILATION_CONDITIONS = DEBUG;
				SWIFT_OPTIMIZATION_LEVEL = "-Onone";
			};
			name = Debug;
		};
		69F1F4C9293C4A3C00E5A1CD /* Release */ = {
			isa = XCBuildConfiguration;
			buildSettings = {
				ALWAYS_SEARCH_USER_PATHS = NO;
				CLANG_ANALYZER_NONNULL = YES;
				CLANG_ANALYZER_NUMBER_OBJECT_CONVERSION = YES_AGGRESSIVE;
				CLANG_CXX_LANGUAGE_STANDARD = "gnu++20";
				CLANG_ENABLE_MODULES = YES;
				CLANG_ENABLE_OBJC_ARC = YES;
				CLANG_ENABLE_OBJC_WEAK = YES;
				CLANG_WARN_BLOCK_CAPTURE_AUTORELEASING = YES;
				CLANG_WARN_BOOL_CONVERSION = YES;
				CLANG_WARN_COMMA = YES;
				CLANG_WARN_CONSTANT_CONVERSION = YES;
				CLANG_WARN_DEPRECATED_OBJC_IMPLEMENTATIONS = YES;
				CLANG_WARN_DIRECT_OBJC_ISA_USAGE = YES_ERROR;
				CLANG_WARN_DOCUMENTATION_COMMENTS = YES;
				CLANG_WARN_EMPTY_BODY = YES;
				CLANG_WARN_ENUM_CONVERSION = YES;
				CLANG_WARN_INFINITE_RECURSION = YES;
				CLANG_WARN_INT_CONVERSION = YES;
				CLANG_WARN_NON_LITERAL_NULL_CONVERSION = YES;
				CLANG_WARN_OBJC_IMPLICIT_RETAIN_SELF = YES;
				CLANG_WARN_OBJC_LITERAL_CONVERSION = YES;
				CLANG_WARN_OBJC_ROOT_CLASS = YES_ERROR;
				CLANG_WARN_QUOTED_INCLUDE_IN_FRAMEWORK_HEADER = YES;
				CLANG_WARN_RANGE_LOOP_ANALYSIS = YES;
				CLANG_WARN_STRICT_PROTOTYPES = YES;
				CLANG_WARN_SUSPICIOUS_MOVE = YES;
				CLANG_WARN_UNGUARDED_AVAILABILITY = YES_AGGRESSIVE;
				CLANG_WARN_UNREACHABLE_CODE = YES;
				CLANG_WARN__DUPLICATE_METHOD_MATCH = YES;
				COPY_PHASE_STRIP = NO;
				DEBUG_INFORMATION_FORMAT = "dwarf-with-dsym";
				ENABLE_NS_ASSERTIONS = NO;
				ENABLE_STRICT_OBJC_MSGSEND = YES;
				GCC_C_LANGUAGE_STANDARD = gnu11;
				GCC_NO_COMMON_BLOCKS = YES;
				GCC_WARN_64_TO_32_BIT_CONVERSION = YES;
				GCC_WARN_ABOUT_RETURN_TYPE = YES_ERROR;
				GCC_WARN_UNDECLARED_SELECTOR = YES;
				GCC_WARN_UNINITIALIZED_AUTOS = YES_AGGRESSIVE;
				GCC_WARN_UNUSED_FUNCTION = YES;
				GCC_WARN_UNUSED_VARIABLE = YES;
				IPHONEOS_DEPLOYMENT_TARGET = 16.1;
				MTL_ENABLE_DEBUG_INFO = NO;
				MTL_FAST_MATH = YES;
				SDKROOT = iphoneos;
				SWIFT_COMPILATION_MODE = wholemodule;
				SWIFT_OPTIMIZATION_LEVEL = "-O";
				VALIDATE_PRODUCT = YES;
			};
			name = Release;
		};
		69F1F4CB293C4A3C00E5A1CD /* Debug */ = {
			isa = XCBuildConfiguration;
			buildSettings = {
				ASSETCATALOG_COMPILER_APPICON_NAME = AppIcon;
				ASSETCATALOG_COMPILER_GLOBAL_ACCENT_COLOR_NAME = AccentColor;
				CODE_SIGN_STYLE = Automatic;
				CURRENT_PROJECT_VERSION = 1;
				DEVELOPMENT_ASSET_PATHS = "\"sako0602-kadai6/Preview Content\"";
				ENABLE_PREVIEWS = YES;
				GENERATE_INFOPLIST_FILE = YES;
				INFOPLIST_KEY_UIApplicationSceneManifest_Generation = YES;
				INFOPLIST_KEY_UIApplicationSupportsIndirectInputEvents = YES;
				INFOPLIST_KEY_UILaunchScreen_Generation = YES;
				INFOPLIST_KEY_UISupportedInterfaceOrientations_iPad = "UIInterfaceOrientationPortrait UIInterfaceOrientationPortraitUpsideDown UIInterfaceOrientationLandscapeLeft UIInterfaceOrientationLandscapeRight";
				INFOPLIST_KEY_UISupportedInterfaceOrientations_iPhone = "UIInterfaceOrientationPortrait UIInterfaceOrientationLandscapeLeft UIInterfaceOrientationLandscapeRight";
				LD_RUNPATH_SEARCH_PATHS = (
					"$(inherited)",
					"@executable_path/Frameworks",
				);
				MARKETING_VERSION = 1.0;
				PRODUCT_BUNDLE_IDENTIFIER = "com.sako.sako0602-kadai6";
				PRODUCT_NAME = "$(TARGET_NAME)";
				SWIFT_EMIT_LOC_STRINGS = YES;
				SWIFT_VERSION = 5.0;
				TARGETED_DEVICE_FAMILY = "1,2";
			};
			name = Debug;
		};
		69F1F4CC293C4A3C00E5A1CD /* Release */ = {
			isa = XCBuildConfiguration;
			buildSettings = {
				ASSETCATALOG_COMPILER_APPICON_NAME = AppIcon;
				ASSETCATALOG_COMPILER_GLOBAL_ACCENT_COLOR_NAME = AccentColor;
				CODE_SIGN_STYLE = Automatic;
				CURRENT_PROJECT_VERSION = 1;
				DEVELOPMENT_ASSET_PATHS = "\"sako0602-kadai6/Preview Content\"";
				ENABLE_PREVIEWS = YES;
				GENERATE_INFOPLIST_FILE = YES;
				INFOPLIST_KEY_UIApplicationSceneManifest_Generation = YES;
				INFOPLIST_KEY_UIApplicationSupportsIndirectInputEvents = YES;
				INFOPLIST_KEY_UILaunchScreen_Generation = YES;
				INFOPLIST_KEY_UISupportedInterfaceOrientations_iPad = "UIInterfaceOrientationPortrait UIInterfaceOrientationPortraitUpsideDown UIInterfaceOrientationLandscapeLeft UIInterfaceOrientationLandscapeRight";
				INFOPLIST_KEY_UISupportedInterfaceOrientations_iPhone = "UIInterfaceOrientationPortrait UIInterfaceOrientationLandscapeLeft UIInterfaceOrientationLandscapeRight";
				LD_RUNPATH_SEARCH_PATHS = (
					"$(inherited)",
					"@executable_path/Frameworks",
				);
				MARKETING_VERSION = 1.0;
				PRODUCT_BUNDLE_IDENTIFIER = "com.sako.sako0602-kadai6";
				PRODUCT_NAME = "$(TARGET_NAME)";
				SWIFT_EMIT_LOC_STRINGS = YES;
				SWIFT_VERSION = 5.0;
				TARGETED_DEVICE_FAMILY = "1,2";
			};
			name = Release;
		};
		69F1F4CE293C4A3C00E5A1CD /* Debug */ = {
			isa = XCBuildConfiguration;
			buildSettings = {
				ALWAYS_EMBED_SWIFT_STANDARD_LIBRARIES = YES;
				BUNDLE_LOADER = "$(TEST_HOST)";
				CODE_SIGN_STYLE = Automatic;
				CURRENT_PROJECT_VERSION = 1;
				GENERATE_INFOPLIST_FILE = YES;
				IPHONEOS_DEPLOYMENT_TARGET = 16.1;
				MARKETING_VERSION = 1.0;
				PRODUCT_BUNDLE_IDENTIFIER = "com.sako.sako0602-kadai6Tests";
				PRODUCT_NAME = "$(TARGET_NAME)";
				SWIFT_EMIT_LOC_STRINGS = NO;
				SWIFT_VERSION = 5.0;
				TARGETED_DEVICE_FAMILY = "1,2";
				TEST_HOST = "$(BUILT_PRODUCTS_DIR)/sako0602-kadai6.app/$(BUNDLE_EXECUTABLE_FOLDER_PATH)/sako0602-kadai6";
			};
			name = Debug;
		};
		69F1F4CF293C4A3C00E5A1CD /* Release */ = {
			isa = XCBuildConfiguration;
			buildSettings = {
				ALWAYS_EMBED_SWIFT_STANDARD_LIBRARIES = YES;
				BUNDLE_LOADER = "$(TEST_HOST)";
				CODE_SIGN_STYLE = Automatic;
				CURRENT_PROJECT_VERSION = 1;
				GENERATE_INFOPLIST_FILE = YES;
				IPHONEOS_DEPLOYMENT_TARGET = 16.1;
				MARKETING_VERSION = 1.0;
				PRODUCT_BUNDLE_IDENTIFIER = "com.sako.sako0602-kadai6Tests";
				PRODUCT_NAME = "$(TARGET_NAME)";
				SWIFT_EMIT_LOC_STRINGS = NO;
				SWIFT_VERSION = 5.0;
				TARGETED_DEVICE_FAMILY = "1,2";
				TEST_HOST = "$(BUILT_PRODUCTS_DIR)/sako0602-kadai6.app/$(BUNDLE_EXECUTABLE_FOLDER_PATH)/sako0602-kadai6";
			};
			name = Release;
		};
		69F1F4D1293C4A3C00E5A1CD /* Debug */ = {
			isa = XCBuildConfiguration;
			buildSettings = {
				ALWAYS_EMBED_SWIFT_STANDARD_LIBRARIES = YES;
				CODE_SIGN_STYLE = Automatic;
				CURRENT_PROJECT_VERSION = 1;
				GENERATE_INFOPLIST_FILE = YES;
				MARKETING_VERSION = 1.0;
				PRODUCT_BUNDLE_IDENTIFIER = "com.sako.sako0602-kadai6UITests";
				PRODUCT_NAME = "$(TARGET_NAME)";
				SWIFT_EMIT_LOC_STRINGS = NO;
				SWIFT_VERSION = 5.0;
				TARGETED_DEVICE_FAMILY = "1,2";
				TEST_TARGET_NAME = "sako0602-kadai6";
			};
			name = Debug;
		};
		69F1F4D2293C4A3C00E5A1CD /* Release */ = {
			isa = XCBuildConfiguration;
			buildSettings = {
				ALWAYS_EMBED_SWIFT_STANDARD_LIBRARIES = YES;
				CODE_SIGN_STYLE = Automatic;
				CURRENT_PROJECT_VERSION = 1;
				GENERATE_INFOPLIST_FILE = YES;
				MARKETING_VERSION = 1.0;
				PRODUCT_BUNDLE_IDENTIFIER = "com.sako.sako0602-kadai6UITests";
				PRODUCT_NAME = "$(TARGET_NAME)";
				SWIFT_EMIT_LOC_STRINGS = NO;
				SWIFT_VERSION = 5.0;
				TARGETED_DEVICE_FAMILY = "1,2";
				TEST_TARGET_NAME = "sako0602-kadai6";
			};
			name = Release;
		};
/* End XCBuildConfiguration section */

/* Begin XCConfigurationList section */
		69F1F4A1293C4A3700E5A1CD /* Build configuration list for PBXProject "sako0602-kadai6" */ = {
			isa = XCConfigurationList;
			buildConfigurations = (
				69F1F4C8293C4A3C00E5A1CD /* Debug */,
				69F1F4C9293C4A3C00E5A1CD /* Release */,
			);
			defaultConfigurationIsVisible = 0;
			defaultConfigurationName = Release;
		};
		69F1F4CA293C4A3C00E5A1CD /* Build configuration list for PBXNativeTarget "sako0602-kadai6" */ = {
			isa = XCConfigurationList;
			buildConfigurations = (
				69F1F4CB293C4A3C00E5A1CD /* Debug */,
				69F1F4CC293C4A3C00E5A1CD /* Release */,
			);
			defaultConfigurationIsVisible = 0;
			defaultConfigurationName = Release;
		};
		69F1F4CD293C4A3C00E5A1CD /* Build configuration list for PBXNativeTarget "sako0602-kadai6Tests" */ = {
			isa = XCConfigurationList;
			buildConfigurations = (
				69F1F4CE293C4A3C00E5A1CD /* Debug */,
				69F1F4CF293C4A3C00E5A1CD /* Release */,
			);
			defaultConfigurationIsVisible = 0;
			defaultConfigurationName = Release;
		};
		69F1F4D0293C4A3C00E5A1CD /* Build configuration list for PBXNativeTarget "sako0602-kadai6UITests" */ = {
			isa = XCConfigurationList;
			buildConfigurations = (
				69F1F4D1293C4A3C00E5A1CD /* Debug */,
				69F1F4D2293C4A3C00E5A1CD /* Release */,
			);
			defaultConfigurationIsVisible = 0;
			defaultConfigurationName = Release;
		};
/* End XCConfigurationList section */
	};
	rootObject = 69F1F49E293C4A3700E5A1CD /* Project object */;
}
